// !$*UTF8*$!
{
	archiveVersion = 1;
	classes = {
	};
	objectVersion = 48;
	objects = {

/* Begin PBXBuildFile section */
		9AB81C482076E73800C7A595 /* PresentedNavigationController.swift in Sources */ = {isa = PBXBuildFile; fileRef = 9AB81C472076E73800C7A595 /* PresentedNavigationController.swift */; };
		CBBA2D3A1F8E807400E0137F /* AppDelegate.swift in Sources */ = {isa = PBXBuildFile; fileRef = CBBA2D391F8E807400E0137F /* AppDelegate.swift */; };
		CBBA2D411F8E807400E0137F /* Main.storyboard in Resources */ = {isa = PBXBuildFile; fileRef = CBBA2D3F1F8E807400E0137F /* Main.storyboard */; };
		CBBA2D431F8E807400E0137F /* Assets.xcassets in Resources */ = {isa = PBXBuildFile; fileRef = CBBA2D421F8E807400E0137F /* Assets.xcassets */; };
		CBBA2D461F8E807400E0137F /* LaunchScreen.storyboard in Resources */ = {isa = PBXBuildFile; fileRef = CBBA2D441F8E807400E0137F /* LaunchScreen.storyboard */; };
		CBBA2D631F8E817400E0137F /* DrawerKit.framework in Frameworks */ = {isa = PBXBuildFile; fileRef = CBBA2D621F8E817400E0137F /* DrawerKit.framework */; };
		CBBA2D641F8E817400E0137F /* DrawerKit.framework in Embed Frameworks */ = {isa = PBXBuildFile; fileRef = CBBA2D621F8E817400E0137F /* DrawerKit.framework */; settings = {ATTRIBUTES = (CodeSignOnCopy, RemoveHeadersOnCopy, ); }; };
		CBBA2D6F1F8E83E300E0137F /* PresenterViewController.swift in Sources */ = {isa = PBXBuildFile; fileRef = CBBA2D6B1F8E83E300E0137F /* PresenterViewController.swift */; };
		CBBA2D711F8E83E300E0137F /* PresentedView.swift in Sources */ = {isa = PBXBuildFile; fileRef = CBBA2D6D1F8E83E300E0137F /* PresentedView.swift */; };
		CBBA2D721F8E83E300E0137F /* PresentedViewController.swift in Sources */ = {isa = PBXBuildFile; fileRef = CBBA2D6E1F8E83E300E0137F /* PresentedViewController.swift */; };
		D8AC28F81F965EFC0085F252 /* DrawerKitDemoUITests.swift in Sources */ = {isa = PBXBuildFile; fileRef = D8AC28F71F965EFC0085F252 /* DrawerKitDemoUITests.swift */; };
/* End PBXBuildFile section */

/* Begin PBXContainerItemProxy section */
		D8AC28FA1F965EFC0085F252 /* PBXContainerItemProxy */ = {
			isa = PBXContainerItemProxy;
			containerPortal = CBBA2D2E1F8E807300E0137F /* Project object */;
			proxyType = 1;
			remoteGlobalIDString = CBBA2D351F8E807300E0137F;
			remoteInfo = DrawerKitDemo;
		};
/* End PBXContainerItemProxy section */

/* Begin PBXCopyFilesBuildPhase section */
		CBBA2D651F8E817400E0137F /* Embed Frameworks */ = {
			isa = PBXCopyFilesBuildPhase;
			buildActionMask = 2147483647;
			dstPath = "";
			dstSubfolderSpec = 10;
			files = (
				CBBA2D641F8E817400E0137F /* DrawerKit.framework in Embed Frameworks */,
			);
			name = "Embed Frameworks";
			runOnlyForDeploymentPostprocessing = 0;
		};
/* End PBXCopyFilesBuildPhase section */

/* Begin PBXFileReference section */
		9AB81C472076E73800C7A595 /* PresentedNavigationController.swift */ = {isa = PBXFileReference; lastKnownFileType = sourcecode.swift; path = PresentedNavigationController.swift; sourceTree = "<group>"; };
		CBBA2D361F8E807400E0137F /* DrawerKitDemo.app */ = {isa = PBXFileReference; explicitFileType = wrapper.application; includeInIndex = 0; path = DrawerKitDemo.app; sourceTree = BUILT_PRODUCTS_DIR; };
		CBBA2D391F8E807400E0137F /* AppDelegate.swift */ = {isa = PBXFileReference; lastKnownFileType = sourcecode.swift; path = AppDelegate.swift; sourceTree = "<group>"; };
		CBBA2D401F8E807400E0137F /* Base */ = {isa = PBXFileReference; lastKnownFileType = file.storyboard; name = Base; path = Base.lproj/Main.storyboard; sourceTree = "<group>"; };
		CBBA2D421F8E807400E0137F /* Assets.xcassets */ = {isa = PBXFileReference; lastKnownFileType = folder.assetcatalog; path = Assets.xcassets; sourceTree = "<group>"; };
		CBBA2D451F8E807400E0137F /* Base */ = {isa = PBXFileReference; lastKnownFileType = file.storyboard; name = Base; path = Base.lproj/LaunchScreen.storyboard; sourceTree = "<group>"; };
		CBBA2D471F8E807400E0137F /* Info.plist */ = {isa = PBXFileReference; lastKnownFileType = text.plist.xml; path = Info.plist; sourceTree = "<group>"; };
		CBBA2D621F8E817400E0137F /* DrawerKit.framework */ = {isa = PBXFileReference; explicitFileType = wrapper.framework; path = DrawerKit.framework; sourceTree = BUILT_PRODUCTS_DIR; };
		CBBA2D6B1F8E83E300E0137F /* PresenterViewController.swift */ = {isa = PBXFileReference; lastKnownFileType = sourcecode.swift; path = PresenterViewController.swift; sourceTree = "<group>"; };
		CBBA2D6D1F8E83E300E0137F /* PresentedView.swift */ = {isa = PBXFileReference; lastKnownFileType = sourcecode.swift; path = PresentedView.swift; sourceTree = "<group>"; };
		CBBA2D6E1F8E83E300E0137F /* PresentedViewController.swift */ = {isa = PBXFileReference; lastKnownFileType = sourcecode.swift; path = PresentedViewController.swift; sourceTree = "<group>"; };
		D8AC28F51F965EFC0085F252 /* DrawerKitDemoUITests.xctest */ = {isa = PBXFileReference; explicitFileType = wrapper.cfbundle; includeInIndex = 0; path = DrawerKitDemoUITests.xctest; sourceTree = BUILT_PRODUCTS_DIR; };
		D8AC28F71F965EFC0085F252 /* DrawerKitDemoUITests.swift */ = {isa = PBXFileReference; lastKnownFileType = sourcecode.swift; path = DrawerKitDemoUITests.swift; sourceTree = "<group>"; };
		D8AC28F91F965EFC0085F252 /* Info.plist */ = {isa = PBXFileReference; lastKnownFileType = text.plist.xml; path = Info.plist; sourceTree = "<group>"; };
/* End PBXFileReference section */

/* Begin PBXFrameworksBuildPhase section */
		CBBA2D331F8E807300E0137F /* Frameworks */ = {
			isa = PBXFrameworksBuildPhase;
			buildActionMask = 2147483647;
			files = (
				CBBA2D631F8E817400E0137F /* DrawerKit.framework in Frameworks */,
			);
			runOnlyForDeploymentPostprocessing = 0;
		};
		D8AC28F21F965EFC0085F252 /* Frameworks */ = {
			isa = PBXFrameworksBuildPhase;
			buildActionMask = 2147483647;
			files = (
			);
			runOnlyForDeploymentPostprocessing = 0;
		};
/* End PBXFrameworksBuildPhase section */

/* Begin PBXGroup section */
		CBBA2D2D1F8E807300E0137F = {
			isa = PBXGroup;
			children = (
				CBBA2D381F8E807400E0137F /* DrawerKitDemo */,
				D8AC28F61F965EFC0085F252 /* DrawerKitDemoUITests */,
				CBBA2D371F8E807400E0137F /* Products */,
				CBBA2D621F8E817400E0137F /* DrawerKit.framework */,
			);
			sourceTree = "<group>";
		};
		CBBA2D371F8E807400E0137F /* Products */ = {
			isa = PBXGroup;
			children = (
				CBBA2D361F8E807400E0137F /* DrawerKitDemo.app */,
				D8AC28F51F965EFC0085F252 /* DrawerKitDemoUITests.xctest */,
			);
			name = Products;
			sourceTree = "<group>";
		};
		CBBA2D381F8E807400E0137F /* DrawerKitDemo */ = {
			isa = PBXGroup;
			children = (
				CBBA2D391F8E807400E0137F /* AppDelegate.swift */,
				CBBA2D6B1F8E83E300E0137F /* PresenterViewController.swift */,
				CBBA2D6E1F8E83E300E0137F /* PresentedViewController.swift */,
				9AB81C472076E73800C7A595 /* PresentedNavigationController.swift */,
				CBBA2D6D1F8E83E300E0137F /* PresentedView.swift */,
				CBBA2D421F8E807400E0137F /* Assets.xcassets */,
				CBBA2D6A1F8E839200E0137F /* Storyboards */,
				CBBA2D471F8E807400E0137F /* Info.plist */,
			);
			path = DrawerKitDemo;
			sourceTree = "<group>";
		};
		CBBA2D6A1F8E839200E0137F /* Storyboards */ = {
			isa = PBXGroup;
			children = (
				CBBA2D3F1F8E807400E0137F /* Main.storyboard */,
				CBBA2D441F8E807400E0137F /* LaunchScreen.storyboard */,
			);
			path = Storyboards;
			sourceTree = "<group>";
		};
		D8AC28F61F965EFC0085F252 /* DrawerKitDemoUITests */ = {
			isa = PBXGroup;
			children = (
				D8AC28F71F965EFC0085F252 /* DrawerKitDemoUITests.swift */,
				D8AC28F91F965EFC0085F252 /* Info.plist */,
			);
			path = DrawerKitDemoUITests;
			sourceTree = "<group>";
		};
/* End PBXGroup section */

/* Begin PBXNativeTarget section */
		CBBA2D351F8E807300E0137F /* DrawerKitDemo */ = {
			isa = PBXNativeTarget;
			buildConfigurationList = CBBA2D4A1F8E807400E0137F /* Build configuration list for PBXNativeTarget "DrawerKitDemo" */;
			buildPhases = (
				CBBA2D321F8E807300E0137F /* Sources */,
				CBBA2D331F8E807300E0137F /* Frameworks */,
				CBBA2D341F8E807300E0137F /* Resources */,
				CBBA2D651F8E817400E0137F /* Embed Frameworks */,
			);
			buildRules = (
			);
			dependencies = (
			);
			name = DrawerKitDemo;
			productName = DrawerKitDemo;
			productReference = CBBA2D361F8E807400E0137F /* DrawerKitDemo.app */;
			productType = "com.apple.product-type.application";
		};
		D8AC28F41F965EFC0085F252 /* DrawerKitDemoUITests */ = {
			isa = PBXNativeTarget;
			buildConfigurationList = D8AC28FE1F965EFC0085F252 /* Build configuration list for PBXNativeTarget "DrawerKitDemoUITests" */;
			buildPhases = (
				D8AC28F11F965EFC0085F252 /* Sources */,
				D8AC28F21F965EFC0085F252 /* Frameworks */,
				D8AC28F31F965EFC0085F252 /* Resources */,
			);
			buildRules = (
			);
			dependencies = (
				D8AC28FB1F965EFC0085F252 /* PBXTargetDependency */,
			);
			name = DrawerKitDemoUITests;
			productName = DrawerKitDemoUITests;
			productReference = D8AC28F51F965EFC0085F252 /* DrawerKitDemoUITests.xctest */;
			productType = "com.apple.product-type.bundle.ui-testing";
		};
/* End PBXNativeTarget section */

/* Begin PBXProject section */
		CBBA2D2E1F8E807300E0137F /* Project object */ = {
			isa = PBXProject;
			attributes = {
				LastSwiftUpdateCheck = 0900;
				LastUpgradeCheck = 0900;
				ORGANIZATIONNAME = "Babylon Health";
				TargetAttributes = {
					CBBA2D351F8E807300E0137F = {
						CreatedOnToolsVersion = 9.0;
						ProvisioningStyle = Automatic;
					};
					D8AC28F41F965EFC0085F252 = {
						CreatedOnToolsVersion = 9.0;
						ProvisioningStyle = Automatic;
						TestTargetID = CBBA2D351F8E807300E0137F;
					};
				};
			};
			buildConfigurationList = CBBA2D311F8E807300E0137F /* Build configuration list for PBXProject "DrawerKitDemo" */;
			compatibilityVersion = "Xcode 8.0";
			developmentRegion = en;
			hasScannedForEncodings = 0;
			knownRegions = (
				en,
				Base,
			);
			mainGroup = CBBA2D2D1F8E807300E0137F;
			productRefGroup = CBBA2D371F8E807400E0137F /* Products */;
			projectDirPath = "";
			projectRoot = "";
			targets = (
				CBBA2D351F8E807300E0137F /* DrawerKitDemo */,
				D8AC28F41F965EFC0085F252 /* DrawerKitDemoUITests */,
			);
		};
/* End PBXProject section */

/* Begin PBXResourcesBuildPhase section */
		CBBA2D341F8E807300E0137F /* Resources */ = {
			isa = PBXResourcesBuildPhase;
			buildActionMask = 2147483647;
			files = (
				CBBA2D461F8E807400E0137F /* LaunchScreen.storyboard in Resources */,
				CBBA2D431F8E807400E0137F /* Assets.xcassets in Resources */,
				CBBA2D411F8E807400E0137F /* Main.storyboard in Resources */,
			);
			runOnlyForDeploymentPostprocessing = 0;
		};
		D8AC28F31F965EFC0085F252 /* Resources */ = {
			isa = PBXResourcesBuildPhase;
			buildActionMask = 2147483647;
			files = (
			);
			runOnlyForDeploymentPostprocessing = 0;
		};
/* End PBXResourcesBuildPhase section */

/* Begin PBXSourcesBuildPhase section */
		CBBA2D321F8E807300E0137F /* Sources */ = {
			isa = PBXSourcesBuildPhase;
			buildActionMask = 2147483647;
			files = (
				CBBA2D3A1F8E807400E0137F /* AppDelegate.swift in Sources */,
				CBBA2D721F8E83E300E0137F /* PresentedViewController.swift in Sources */,
				9AB81C482076E73800C7A595 /* PresentedNavigationController.swift in Sources */,
				CBBA2D711F8E83E300E0137F /* PresentedView.swift in Sources */,
				CBBA2D6F1F8E83E300E0137F /* PresenterViewController.swift in Sources */,
			);
			runOnlyForDeploymentPostprocessing = 0;
		};
		D8AC28F11F965EFC0085F252 /* Sources */ = {
			isa = PBXSourcesBuildPhase;
			buildActionMask = 2147483647;
			files = (
				D8AC28F81F965EFC0085F252 /* DrawerKitDemoUITests.swift in Sources */,
			);
			runOnlyForDeploymentPostprocessing = 0;
		};
/* End PBXSourcesBuildPhase section */

/* Begin PBXTargetDependency section */
		D8AC28FB1F965EFC0085F252 /* PBXTargetDependency */ = {
			isa = PBXTargetDependency;
			target = CBBA2D351F8E807300E0137F /* DrawerKitDemo */;
			targetProxy = D8AC28FA1F965EFC0085F252 /* PBXContainerItemProxy */;
		};
/* End PBXTargetDependency section */

/* Begin PBXVariantGroup section */
		CBBA2D3F1F8E807400E0137F /* Main.storyboard */ = {
			isa = PBXVariantGroup;
			children = (
				CBBA2D401F8E807400E0137F /* Base */,
			);
			name = Main.storyboard;
			sourceTree = "<group>";
		};
		CBBA2D441F8E807400E0137F /* LaunchScreen.storyboard */ = {
			isa = PBXVariantGroup;
			children = (
				CBBA2D451F8E807400E0137F /* Base */,
			);
			name = LaunchScreen.storyboard;
			sourceTree = "<group>";
		};
/* End PBXVariantGroup section */

/* Begin XCBuildConfiguration section */
		CBBA2D481F8E807400E0137F /* Debug */ = {
			isa = XCBuildConfiguration;
			buildSettings = {
				ALWAYS_SEARCH_USER_PATHS = NO;
				CLANG_ANALYZER_NONNULL = YES;
				CLANG_ANALYZER_NUMBER_OBJECT_CONVERSION = YES_AGGRESSIVE;
				CLANG_CXX_LANGUAGE_STANDARD = "gnu++14";
				CLANG_CXX_LIBRARY = "libc++";
				CLANG_ENABLE_MODULES = YES;
				CLANG_ENABLE_OBJC_ARC = YES;
				CLANG_WARN_BLOCK_CAPTURE_AUTORELEASING = YES;
				CLANG_WARN_BOOL_CONVERSION = YES;
				CLANG_WARN_COMMA = YES;
				CLANG_WARN_CONSTANT_CONVERSION = YES;
				CLANG_WARN_DIRECT_OBJC_ISA_USAGE = YES_ERROR;
				CLANG_WARN_DOCUMENTATION_COMMENTS = YES;
				CLANG_WARN_EMPTY_BODY = YES;
				CLANG_WARN_ENUM_CONVERSION = YES;
				CLANG_WARN_INFINITE_RECURSION = YES;
				CLANG_WARN_INT_CONVERSION = YES;
				CLANG_WARN_NON_LITERAL_NULL_CONVERSION = YES;
				CLANG_WARN_OBJC_LITERAL_CONVERSION = YES;
				CLANG_WARN_OBJC_ROOT_CLASS = YES_ERROR;
				CLANG_WARN_RANGE_LOOP_ANALYSIS = YES;
				CLANG_WARN_STRICT_PROTOTYPES = YES;
				CLANG_WARN_SUSPICIOUS_MOVE = YES;
				CLANG_WARN_UNGUARDED_AVAILABILITY = YES_AGGRESSIVE;
				CLANG_WARN_UNREACHABLE_CODE = YES;
				CLANG_WARN__DUPLICATE_METHOD_MATCH = YES;
				CODE_SIGN_IDENTITY = "iPhone Developer";
				COPY_PHASE_STRIP = NO;
				DEBUG_INFORMATION_FORMAT = dwarf;
				ENABLE_STRICT_OBJC_MSGSEND = YES;
				ENABLE_TESTABILITY = YES;
				GCC_C_LANGUAGE_STANDARD = gnu11;
				GCC_DYNAMIC_NO_PIC = NO;
				GCC_NO_COMMON_BLOCKS = YES;
				GCC_OPTIMIZATION_LEVEL = 0;
				GCC_PREPROCESSOR_DEFINITIONS = (
					"DEBUG=1",
					"$(inherited)",
				);
				GCC_WARN_64_TO_32_BIT_CONVERSION = YES;
				GCC_WARN_ABOUT_RETURN_TYPE = YES_ERROR;
				GCC_WARN_UNDECLARED_SELECTOR = YES;
				GCC_WARN_UNINITIALIZED_AUTOS = YES_AGGRESSIVE;
				GCC_WARN_UNUSED_FUNCTION = YES;
				GCC_WARN_UNUSED_VARIABLE = YES;
				IPHONEOS_DEPLOYMENT_TARGET = 10.2;
				MTL_ENABLE_DEBUG_INFO = YES;
				ONLY_ACTIVE_ARCH = YES;
				SDKROOT = iphoneos;
				SWIFT_ACTIVE_COMPILATION_CONDITIONS = DEBUG;
				SWIFT_OPTIMIZATION_LEVEL = "-Onone";
			};
			name = Debug;
		};
		CBBA2D491F8E807400E0137F /* Release */ = {
			isa = XCBuildConfiguration;
			buildSettings = {
				ALWAYS_SEARCH_USER_PATHS = NO;
				CLANG_ANALYZER_NONNULL = YES;
				CLANG_ANALYZER_NUMBER_OBJECT_CONVERSION = YES_AGGRESSIVE;
				CLANG_CXX_LANGUAGE_STANDARD = "gnu++14";
				CLANG_CXX_LIBRARY = "libc++";
				CLANG_ENABLE_MODULES = YES;
				CLANG_ENABLE_OBJC_ARC = YES;
				CLANG_WARN_BLOCK_CAPTURE_AUTORELEASING = YES;
				CLANG_WARN_BOOL_CONVERSION = YES;
				CLANG_WARN_COMMA = YES;
				CLANG_WARN_CONSTANT_CONVERSION = YES;
				CLANG_WARN_DIRECT_OBJC_ISA_USAGE = YES_ERROR;
				CLANG_WARN_DOCUMENTATION_COMMENTS = YES;
				CLANG_WARN_EMPTY_BODY = YES;
				CLANG_WARN_ENUM_CONVERSION = YES;
				CLANG_WARN_INFINITE_RECURSION = YES;
				CLANG_WARN_INT_CONVERSION = YES;
				CLANG_WARN_NON_LITERAL_NULL_CONVERSION = YES;
				CLANG_WARN_OBJC_LITERAL_CONVERSION = YES;
				CLANG_WARN_OBJC_ROOT_CLASS = YES_ERROR;
				CLANG_WARN_RANGE_LOOP_ANALYSIS = YES;
				CLANG_WARN_STRICT_PROTOTYPES = YES;
				CLANG_WARN_SUSPICIOUS_MOVE = YES;
				CLANG_WARN_UNGUARDED_AVAILABILITY = YES_AGGRESSIVE;
				CLANG_WARN_UNREACHABLE_CODE = YES;
				CLANG_WARN__DUPLICATE_METHOD_MATCH = YES;
				CODE_SIGN_IDENTITY = "iPhone Developer";
				COPY_PHASE_STRIP = NO;
				DEBUG_INFORMATION_FORMAT = "dwarf-with-dsym";
				ENABLE_NS_ASSERTIONS = NO;
				ENABLE_STRICT_OBJC_MSGSEND = YES;
				GCC_C_LANGUAGE_STANDARD = gnu11;
				GCC_NO_COMMON_BLOCKS = YES;
				GCC_WARN_64_TO_32_BIT_CONVERSION = YES;
				GCC_WARN_ABOUT_RETURN_TYPE = YES_ERROR;
				GCC_WARN_UNDECLARED_SELECTOR = YES;
				GCC_WARN_UNINITIALIZED_AUTOS = YES_AGGRESSIVE;
				GCC_WARN_UNUSED_FUNCTION = YES;
				GCC_WARN_UNUSED_VARIABLE = YES;
				IPHONEOS_DEPLOYMENT_TARGET = 10.2;
				MTL_ENABLE_DEBUG_INFO = NO;
				SDKROOT = iphoneos;
				SWIFT_OPTIMIZATION_LEVEL = "-Owholemodule";
				VALIDATE_PRODUCT = YES;
			};
			name = Release;
		};
		CBBA2D4B1F8E807400E0137F /* Debug */ = {
			isa = XCBuildConfiguration;
			buildSettings = {
				ASSETCATALOG_COMPILER_APPICON_NAME = AppIcon;
				"CODE_SIGN_IDENTITY[sdk=iphoneos*]" = "iPhone Developer";
				CODE_SIGN_STYLE = Automatic;
				DEVELOPMENT_TEAM = "";
				INFOPLIST_FILE = DrawerKitDemo/Info.plist;
				LD_RUNPATH_SEARCH_PATHS = "$(inherited) @executable_path/Frameworks";
				PRODUCT_BUNDLE_IDENTIFIER = com.babylonpartners.DrawerKitDemo;
				PRODUCT_NAME = "$(TARGET_NAME)";
				PROVISIONING_PROFILE_SPECIFIER = "";
				SWIFT_VERSION = 4.0;
				TARGETED_DEVICE_FAMILY = "1,2";
			};
			name = Debug;
		};
		CBBA2D4C1F8E807400E0137F /* Release */ = {
			isa = XCBuildConfiguration;
			buildSettings = {
				ASSETCATALOG_COMPILER_APPICON_NAME = AppIcon;
				"CODE_SIGN_IDENTITY[sdk=iphoneos*]" = "iPhone Developer";
				CODE_SIGN_STYLE = Automatic;
				DEVELOPMENT_TEAM = "";
				INFOPLIST_FILE = DrawerKitDemo/Info.plist;
				LD_RUNPATH_SEARCH_PATHS = "$(inherited) @executable_path/Frameworks";
				PRODUCT_BUNDLE_IDENTIFIER = com.babylonpartners.DrawerKitDemo;
				PRODUCT_NAME = "$(TARGET_NAME)";
				PROVISIONING_PROFILE_SPECIFIER = "";
				SWIFT_VERSION = 4.0;
				TARGETED_DEVICE_FAMILY = "1,2";
			};
			name = Release;
		};
		D8AC28FC1F965EFC0085F252 /* Debug */ = {
			isa = XCBuildConfiguration;
			buildSettings = {
				CODE_SIGN_STYLE = Automatic;
				DEVELOPMENT_TEAM = 9UNS7TM47M;
				INFOPLIST_FILE = DrawerKitDemoUITests/Info.plist;
				IPHONEOS_DEPLOYMENT_TARGET = 11.0;
				LD_RUNPATH_SEARCH_PATHS = "$(inherited) @executable_path/Frameworks @loader_path/Frameworks";
				PRODUCT_BUNDLE_IDENTIFIER = com.babylonhealth.DrawerKit.DrawerKitDemoUITests;
				PRODUCT_NAME = "$(TARGET_NAME)";
				SWIFT_VERSION = 4.0;
				TARGETED_DEVICE_FAMILY = "1,2";
				TEST_TARGET_NAME = DrawerKitDemo;
			};
			name = Debug;
		};
		D8AC28FD1F965EFC0085F252 /* Release */ = {
			isa = XCBuildConfiguration;
			buildSettings = {
				CODE_SIGN_STYLE = Automatic;
				DEVELOPMENT_TEAM = 9UNS7TM47M;
				INFOPLIST_FILE = DrawerKitDemoUITests/Info.plist;
				IPHONEOS_DEPLOYMENT_TARGET = 11.0;
				LD_RUNPATH_SEARCH_PATHS = "$(inherited) @executable_path/Frameworks @loader_path/Frameworks";
				PRODUCT_BUNDLE_IDENTIFIER = com.babylonhealth.DrawerKit.DrawerKitDemoUITests;
				PRODUCT_NAME = "$(TARGET_NAME)";
				SWIFT_VERSION = 4.0;
				TARGETED_DEVICE_FAMILY = "1,2";
				TEST_TARGET_NAME = DrawerKitDemo;
			};
			name = Release;
		};
/* End XCBuildConfiguration section */

/* Begin XCConfigurationList section */
		CBBA2D311F8E807300E0137F /* Build configuration list for PBXProject "DrawerKitDemo" */ = {
			isa = XCConfigurationList;
			buildConfigurations = (
				CBBA2D481F8E807400E0137F /* Debug */,
				CBBA2D491F8E807400E0137F /* Release */,
			);
			defaultConfigurationIsVisible = 0;
			defaultConfigurationName = Release;
		};
		CBBA2D4A1F8E807400E0137F /* Build configuration list for PBXNativeTarget "DrawerKitDemo" */ = {
			isa = XCConfigurationList;
			buildConfigurations = (
				CBBA2D4B1F8E807400E0137F /* Debug */,
				CBBA2D4C1F8E807400E0137F /* Release */,
			);
			defaultConfigurationIsVisible = 0;
			defaultConfigurationName = Release;
		};
		D8AC28FE1F965EFC0085F252 /* Build configuration list for PBXNativeTarget "DrawerKitDemoUITests" */ = {
			isa = XCConfigurationList;
			buildConfigurations = (
				D8AC28FC1F965EFC0085F252 /* Debug */,
				D8AC28FD1F965EFC0085F252 /* Release */,
			);
			defaultConfigurationIsVisible = 0;
			defaultConfigurationName = Release;
		};
/* End XCConfigurationList section */
	};
	rootObject = CBBA2D2E1F8E807300E0137F /* Project object */;
}
